// !$*UTF8*$!
{
	archiveVersion = 1;
	classes = {
	};
	objectVersion = 55;
	objects = {

/* Begin PBXBuildFile section */
		18260059271A00A100839CF7 /* PokemonInfoController.swift in Sources */ = {isa = PBXBuildFile; fileRef = 18260058271A00A100839CF7 /* PokemonInfoController.swift */; };
		1826005B271A018800839CF7 /* Info.swift in Sources */ = {isa = PBXBuildFile; fileRef = 1826005A271A018800839CF7 /* Info.swift */; };
		1846BDCC2713657300F2A16C /* PokedexController.swift in Sources */ = {isa = PBXBuildFile; fileRef = 1846BDCB2713657300F2A16C /* PokedexController.swift */; };
		1846BDD2271369B700F2A16C /* Extensions.swift in Sources */ = {isa = PBXBuildFile; fileRef = 1846BDD1271369B700F2A16C /* Extensions.swift */; };
		1846BDD42713735A00F2A16C /* PokedexCell.swift in Sources */ = {isa = PBXBuildFile; fileRef = 1846BDD32713735A00F2A16C /* PokedexCell.swift */; };
		1846BDD62714BB3000F2A16C /* Pokemon.swift in Sources */ = {isa = PBXBuildFile; fileRef = 1846BDD52714BB3000F2A16C /* Pokemon.swift */; };
		1846BDD82714BF2600F2A16C /* Service.swift in Sources */ = {isa = PBXBuildFile; fileRef = 1846BDD72714BF2600F2A16C /* Service.swift */; };
		1846BDDB2715758200F2A16C /* PokemonAPI in Frameworks */ = {isa = PBXBuildFile; productRef = 1846BDDA2715758200F2A16C /* PokemonAPI */; };
		1846BDDD2718D20800F2A16C /* UIFont.swift in Sources */ = {isa = PBXBuildFile; fileRef = 1846BDDC2718D20700F2A16C /* UIFont.swift */; };
		1846BDDF2718D59A00F2A16C /* pixelmix.ttf in Resources */ = {isa = PBXBuildFile; fileRef = 1846BDDE2718D47900F2A16C /* pixelmix.ttf */; };
		186F8B91271363610009514F /* AppDelegate.swift in Sources */ = {isa = PBXBuildFile; fileRef = 186F8B90271363610009514F /* AppDelegate.swift */; };
		186F8B93271363610009514F /* SceneDelegate.swift in Sources */ = {isa = PBXBuildFile; fileRef = 186F8B92271363610009514F /* SceneDelegate.swift */; };
		186F8B9A271363650009514F /* Assets.xcassets in Resources */ = {isa = PBXBuildFile; fileRef = 186F8B99271363650009514F /* Assets.xcassets */; };
		186F8B9D271363650009514F /* LaunchScreen.storyboard in Resources */ = {isa = PBXBuildFile; fileRef = 186F8B9B271363650009514F /* LaunchScreen.storyboard */; };
		186F8BA8271363650009514F /* PokedexTests.swift in Sources */ = {isa = PBXBuildFile; fileRef = 186F8BA7271363650009514F /* PokedexTests.swift */; };
		186F8BB2271363650009514F /* PokedexUITests.swift in Sources */ = {isa = PBXBuildFile; fileRef = 186F8BB1271363650009514F /* PokedexUITests.swift */; };
		186F8BB4271363650009514F /* PokedexUITestsLaunchTests.swift in Sources */ = {isa = PBXBuildFile; fileRef = 186F8BB3271363650009514F /* PokedexUITestsLaunchTests.swift */; };
/* End PBXBuildFile section */

/* Begin PBXContainerItemProxy section */
		186F8BA4271363650009514F /* PBXContainerItemProxy */ = {
			isa = PBXContainerItemProxy;
			containerPortal = 186F8B85271363610009514F /* Project object */;
			proxyType = 1;
			remoteGlobalIDString = 186F8B8C271363610009514F;
			remoteInfo = Pokedex;
		};
		186F8BAE271363650009514F /* PBXContainerItemProxy */ = {
			isa = PBXContainerItemProxy;
			containerPortal = 186F8B85271363610009514F /* Project object */;
			proxyType = 1;
			remoteGlobalIDString = 186F8B8C271363610009514F;
			remoteInfo = Pokedex;
		};
/* End PBXContainerItemProxy section */

/* Begin PBXFileReference section */
		18260058271A00A100839CF7 /* PokemonInfoController.swift */ = {isa = PBXFileReference; lastKnownFileType = sourcecode.swift; path = PokemonInfoController.swift; sourceTree = "<group>"; };
		1826005A271A018800839CF7 /* Info.swift */ = {isa = PBXFileReference; lastKnownFileType = sourcecode.swift; path = Info.swift; sourceTree = "<group>"; };
		1846BDCB2713657300F2A16C /* PokedexController.swift */ = {isa = PBXFileReference; lastKnownFileType = sourcecode.swift; path = PokedexController.swift; sourceTree = "<group>"; };
		1846BDD1271369B700F2A16C /* Extensions.swift */ = {isa = PBXFileReference; lastKnownFileType = sourcecode.swift; path = Extensions.swift; sourceTree = "<group>"; };
		1846BDD32713735A00F2A16C /* PokedexCell.swift */ = {isa = PBXFileReference; lastKnownFileType = sourcecode.swift; path = PokedexCell.swift; sourceTree = "<group>"; };
		1846BDD52714BB3000F2A16C /* Pokemon.swift */ = {isa = PBXFileReference; lastKnownFileType = sourcecode.swift; path = Pokemon.swift; sourceTree = "<group>"; };
		1846BDD72714BF2600F2A16C /* Service.swift */ = {isa = PBXFileReference; lastKnownFileType = sourcecode.swift; path = Service.swift; sourceTree = "<group>"; };
		1846BDDC2718D20700F2A16C /* UIFont.swift */ = {isa = PBXFileReference; lastKnownFileType = sourcecode.swift; path = UIFont.swift; sourceTree = "<group>"; };
		1846BDDE2718D47900F2A16C /* pixelmix.ttf */ = {isa = PBXFileReference; lastKnownFileType = file; path = pixelmix.ttf; sourceTree = "<group>"; };
		186F8B8D271363610009514F /* Pokedex.app */ = {isa = PBXFileReference; explicitFileType = wrapper.application; includeInIndex = 0; path = Pokedex.app; sourceTree = BUILT_PRODUCTS_DIR; };
		186F8B90271363610009514F /* AppDelegate.swift */ = {isa = PBXFileReference; lastKnownFileType = sourcecode.swift; path = AppDelegate.swift; sourceTree = "<group>"; };
		186F8B92271363610009514F /* SceneDelegate.swift */ = {isa = PBXFileReference; lastKnownFileType = sourcecode.swift; path = SceneDelegate.swift; sourceTree = "<group>"; };
		186F8B99271363650009514F /* Assets.xcassets */ = {isa = PBXFileReference; lastKnownFileType = folder.assetcatalog; path = Assets.xcassets; sourceTree = "<group>"; };
		186F8B9C271363650009514F /* Base */ = {isa = PBXFileReference; lastKnownFileType = file.storyboard; name = Base; path = Base.lproj/LaunchScreen.storyboard; sourceTree = "<group>"; };
		186F8B9E271363650009514F /* Info.plist */ = {isa = PBXFileReference; lastKnownFileType = text.plist.xml; path = Info.plist; sourceTree = "<group>"; };
		186F8BA3271363650009514F /* PokedexTests.xctest */ = {isa = PBXFileReference; explicitFileType = wrapper.cfbundle; includeInIndex = 0; path = PokedexTests.xctest; sourceTree = BUILT_PRODUCTS_DIR; };
		186F8BA7271363650009514F /* PokedexTests.swift */ = {isa = PBXFileReference; lastKnownFileType = sourcecode.swift; path = PokedexTests.swift; sourceTree = "<group>"; };
		186F8BAD271363650009514F /* PokedexUITests.xctest */ = {isa = PBXFileReference; explicitFileType = wrapper.cfbundle; includeInIndex = 0; path = PokedexUITests.xctest; sourceTree = BUILT_PRODUCTS_DIR; };
		186F8BB1271363650009514F /* PokedexUITests.swift */ = {isa = PBXFileReference; lastKnownFileType = sourcecode.swift; path = PokedexUITests.swift; sourceTree = "<group>"; };
		186F8BB3271363650009514F /* PokedexUITestsLaunchTests.swift */ = {isa = PBXFileReference; lastKnownFileType = sourcecode.swift; path = PokedexUITestsLaunchTests.swift; sourceTree = "<group>"; };
/* End PBXFileReference section */

/* Begin PBXFrameworksBuildPhase section */
		186F8B8A271363610009514F /* Frameworks */ = {
			isa = PBXFrameworksBuildPhase;
			buildActionMask = 2147483647;
			files = (
				1846BDDB2715758200F2A16C /* PokemonAPI in Frameworks */,
			);
			runOnlyForDeploymentPostprocessing = 0;
		};
		186F8BA0271363650009514F /* Frameworks */ = {
			isa = PBXFrameworksBuildPhase;
			buildActionMask = 2147483647;
			files = (
			);
			runOnlyForDeploymentPostprocessing = 0;
		};
		186F8BAA271363650009514F /* Frameworks */ = {
			isa = PBXFrameworksBuildPhase;
			buildActionMask = 2147483647;
			files = (
			);
			runOnlyForDeploymentPostprocessing = 0;
		};
/* End PBXFrameworksBuildPhase section */

/* Begin PBXGroup section */
		1846BDC6271364A600F2A16C /* View */ = {
			isa = PBXGroup;
			children = (
				1846BDD32713735A00F2A16C /* PokedexCell.swift */,
				1826005A271A018800839CF7 /* Info.swift */,
			);
			path = View;
			sourceTree = "<group>";
		};
		1846BDC72713652800F2A16C /* Model */ = {
			isa = PBXGroup;
			children = (
				1846BDD52714BB3000F2A16C /* Pokemon.swift */,
			);
			path = Model;
			sourceTree = "<group>";
		};
		1846BDC82713653000F2A16C /* Controller */ = {
			isa = PBXGroup;
			children = (
				1846BDCB2713657300F2A16C /* PokedexController.swift */,
				18260058271A00A100839CF7 /* PokemonInfoController.swift */,
			);
			path = Controller;
			sourceTree = "<group>";
		};
		1846BDC92713653B00F2A16C /* Service */ = {
			isa = PBXGroup;
			children = (
				1846BDD72714BF2600F2A16C /* Service.swift */,
			);
			path = Service;
			sourceTree = "<group>";
		};
		1846BDCA2713656100F2A16C /* Utils */ = {
			isa = PBXGroup;
			children = (
				1846BDD1271369B700F2A16C /* Extensions.swift */,
				1846BDDC2718D20700F2A16C /* UIFont.swift */,
			);
			path = Utils;
			sourceTree = "<group>";
		};
		186F8B84271363610009514F = {
			isa = PBXGroup;
			children = (
				186F8B8F271363610009514F /* Pokedex */,
				186F8BA6271363650009514F /* PokedexTests */,
				186F8BB0271363650009514F /* PokedexUITests */,
				186F8B8E271363610009514F /* Products */,
			);
			sourceTree = "<group>";
		};
		186F8B8E271363610009514F /* Products */ = {
			isa = PBXGroup;
			children = (
				186F8B8D271363610009514F /* Pokedex.app */,
				186F8BA3271363650009514F /* PokedexTests.xctest */,
				186F8BAD271363650009514F /* PokedexUITests.xctest */,
			);
			name = Products;
			sourceTree = "<group>";
		};
		186F8B8F271363610009514F /* Pokedex */ = {
			isa = PBXGroup;
			children = (
				1846BDCA2713656100F2A16C /* Utils */,
				1846BDC92713653B00F2A16C /* Service */,
				1846BDC82713653000F2A16C /* Controller */,
				1846BDC72713652800F2A16C /* Model */,
				1846BDC6271364A600F2A16C /* View */,
				186F8B90271363610009514F /* AppDelegate.swift */,
				186F8B92271363610009514F /* SceneDelegate.swift */,
				1846BDDE2718D47900F2A16C /* pixelmix.ttf */,
				186F8B99271363650009514F /* Assets.xcassets */,
				186F8B9B271363650009514F /* LaunchScreen.storyboard */,
				186F8B9E271363650009514F /* Info.plist */,
			);
			path = Pokedex;
			sourceTree = "<group>";
		};
		186F8BA6271363650009514F /* PokedexTests */ = {
			isa = PBXGroup;
			children = (
				186F8BA7271363650009514F /* PokedexTests.swift */,
			);
			path = PokedexTests;
			sourceTree = "<group>";
		};
		186F8BB0271363650009514F /* PokedexUITests */ = {
			isa = PBXGroup;
			children = (
				186F8BB1271363650009514F /* PokedexUITests.swift */,
				186F8BB3271363650009514F /* PokedexUITestsLaunchTests.swift */,
			);
			path = PokedexUITests;
			sourceTree = "<group>";
		};
/* End PBXGroup section */

/* Begin PBXNativeTarget section */
		186F8B8C271363610009514F /* Pokedex */ = {
			isa = PBXNativeTarget;
			buildConfigurationList = 186F8BB7271363650009514F /* Build configuration list for PBXNativeTarget "Pokedex" */;
			buildPhases = (
				186F8B89271363610009514F /* Sources */,
				186F8B8A271363610009514F /* Frameworks */,
				186F8B8B271363610009514F /* Resources */,
			);
			buildRules = (
			);
			dependencies = (
			);
			name = Pokedex;
			packageProductDependencies = (
				1846BDDA2715758200F2A16C /* PokemonAPI */,
			);
			productName = Pokedex;
			productReference = 186F8B8D271363610009514F /* Pokedex.app */;
			productType = "com.apple.product-type.application";
		};
		186F8BA2271363650009514F /* PokedexTests */ = {
			isa = PBXNativeTarget;
			buildConfigurationList = 186F8BBA271363650009514F /* Build configuration list for PBXNativeTarget "PokedexTests" */;
			buildPhases = (
				186F8B9F271363650009514F /* Sources */,
				186F8BA0271363650009514F /* Frameworks */,
				186F8BA1271363650009514F /* Resources */,
			);
			buildRules = (
			);
			dependencies = (
				186F8BA5271363650009514F /* PBXTargetDependency */,
			);
			name = PokedexTests;
			productName = PokedexTests;
			productReference = 186F8BA3271363650009514F /* PokedexTests.xctest */;
			productType = "com.apple.product-type.bundle.unit-test";
		};
		186F8BAC271363650009514F /* PokedexUITests */ = {
			isa = PBXNativeTarget;
			buildConfigurationList = 186F8BBD271363650009514F /* Build configuration list for PBXNativeTarget "PokedexUITests" */;
			buildPhases = (
				186F8BA9271363650009514F /* Sources */,
				186F8BAA271363650009514F /* Frameworks */,
				186F8BAB271363650009514F /* Resources */,
			);
			buildRules = (
			);
			dependencies = (
				186F8BAF271363650009514F /* PBXTargetDependency */,
			);
			name = PokedexUITests;
			productName = PokedexUITests;
			productReference = 186F8BAD271363650009514F /* PokedexUITests.xctest */;
			productType = "com.apple.product-type.bundle.ui-testing";
		};
/* End PBXNativeTarget section */

/* Begin PBXProject section */
		186F8B85271363610009514F /* Project object */ = {
			isa = PBXProject;
			attributes = {
				BuildIndependentTargetsInParallel = 1;
				LastSwiftUpdateCheck = 1300;
				LastUpgradeCheck = 1300;
				TargetAttributes = {
					186F8B8C271363610009514F = {
						CreatedOnToolsVersion = 13.0;
					};
					186F8BA2271363650009514F = {
						CreatedOnToolsVersion = 13.0;
						TestTargetID = 186F8B8C271363610009514F;
					};
					186F8BAC271363650009514F = {
						CreatedOnToolsVersion = 13.0;
						TestTargetID = 186F8B8C271363610009514F;
					};
				};
			};
			buildConfigurationList = 186F8B88271363610009514F /* Build configuration list for PBXProject "Pokedex" */;
			compatibilityVersion = "Xcode 13.0";
			developmentRegion = en;
			hasScannedForEncodings = 0;
			knownRegions = (
				en,
				Base,
			);
			mainGroup = 186F8B84271363610009514F;
			packageReferences = (
				1846BDD92715758100F2A16C /* XCRemoteSwiftPackageReference "PokemonAPI" */,
			);
			productRefGroup = 186F8B8E271363610009514F /* Products */;
			projectDirPath = "";
			projectRoot = "";
			targets = (
				186F8B8C271363610009514F /* Pokedex */,
				186F8BA2271363650009514F /* PokedexTests */,
				186F8BAC271363650009514F /* PokedexUITests */,
			);
		};
/* End PBXProject section */

/* Begin PBXResourcesBuildPhase section */
		186F8B8B271363610009514F /* Resources */ = {
			isa = PBXResourcesBuildPhase;
			buildActionMask = 2147483647;
			files = (
				186F8B9D271363650009514F /* LaunchScreen.storyboard in Resources */,
				186F8B9A271363650009514F /* Assets.xcassets in Resources */,
				1846BDDF2718D59A00F2A16C /* pixelmix.ttf in Resources */,
			);
			runOnlyForDeploymentPostprocessing = 0;
		};
		186F8BA1271363650009514F /* Resources */ = {
			isa = PBXResourcesBuildPhase;
			buildActionMask = 2147483647;
			files = (
			);
			runOnlyForDeploymentPostprocessing = 0;
		};
		186F8BAB271363650009514F /* Resources */ = {
			isa = PBXResourcesBuildPhase;
			buildActionMask = 2147483647;
			files = (
			);
			runOnlyForDeploymentPostprocessing = 0;
		};
/* End PBXResourcesBuildPhase section */

/* Begin PBXSourcesBuildPhase section */
		186F8B89271363610009514F /* Sources */ = {
			isa = PBXSourcesBuildPhase;
			buildActionMask = 2147483647;
			files = (
				186F8B91271363610009514F /* AppDelegate.swift in Sources */,
				1846BDD82714BF2600F2A16C /* Service.swift in Sources */,
				1846BDCC2713657300F2A16C /* PokedexController.swift in Sources */,
				1826005B271A018800839CF7 /* Info.swift in Sources */,
				186F8B93271363610009514F /* SceneDelegate.swift in Sources */,
				1846BDDD2718D20800F2A16C /* UIFont.swift in Sources */,
				1846BDD2271369B700F2A16C /* Extensions.swift in Sources */,
				1846BDD42713735A00F2A16C /* PokedexCell.swift in Sources */,
				1846BDD62714BB3000F2A16C /* Pokemon.swift in Sources */,
				18260059271A00A100839CF7 /* PokemonInfoController.swift in Sources */,
			);
			runOnlyForDeploymentPostprocessing = 0;
		};
		186F8B9F271363650009514F /* Sources */ = {
			isa = PBXSourcesBuildPhase;
			buildActionMask = 2147483647;
			files = (
				186F8BA8271363650009514F /* PokedexTests.swift in Sources */,
			);
			runOnlyForDeploymentPostprocessing = 0;
		};
		186F8BA9271363650009514F /* Sources */ = {
			isa = PBXSourcesBuildPhase;
			buildActionMask = 2147483647;
			files = (
				186F8BB2271363650009514F /* PokedexUITests.swift in Sources */,
				186F8BB4271363650009514F /* PokedexUITestsLaunchTests.swift in Sources */,
			);
			runOnlyForDeploymentPostprocessing = 0;
		};
/* End PBXSourcesBuildPhase section */

/* Begin PBXTargetDependency section */
		186F8BA5271363650009514F /* PBXTargetDependency */ = {
			isa = PBXTargetDependency;
			target = 186F8B8C271363610009514F /* Pokedex */;
			targetProxy = 186F8BA4271363650009514F /* PBXContainerItemProxy */;
		};
		186F8BAF271363650009514F /* PBXTargetDependency */ = {
			isa = PBXTargetDependency;
			target = 186F8B8C271363610009514F /* Pokedex */;
			targetProxy = 186F8BAE271363650009514F /* PBXContainerItemProxy */;
		};
/* End PBXTargetDependency section */

/* Begin PBXVariantGroup section */
		186F8B9B271363650009514F /* LaunchScreen.storyboard */ = {
			isa = PBXVariantGroup;
			children = (
				186F8B9C271363650009514F /* Base */,
			);
			name = LaunchScreen.storyboard;
			sourceTree = "<group>";
		};
/* End PBXVariantGroup section */

/* Begin XCBuildConfiguration section */
		186F8BB5271363650009514F /* Debug */ = {
			isa = XCBuildConfiguration;
			buildSettings = {
				ALWAYS_SEARCH_USER_PATHS = NO;
				CLANG_ANALYZER_NONNULL = YES;
				CLANG_ANALYZER_NUMBER_OBJECT_CONVERSION = YES_AGGRESSIVE;
				CLANG_CXX_LANGUAGE_STANDARD = "gnu++17";
				CLANG_CXX_LIBRARY = "libc++";
				CLANG_ENABLE_MODULES = YES;
				CLANG_ENABLE_OBJC_ARC = YES;
				CLANG_ENABLE_OBJC_WEAK = YES;
				CLANG_WARN_BLOCK_CAPTURE_AUTORELEASING = YES;
				CLANG_WARN_BOOL_CONVERSION = YES;
				CLANG_WARN_COMMA = YES;
				CLANG_WARN_CONSTANT_CONVERSION = YES;
				CLANG_WARN_DEPRECATED_OBJC_IMPLEMENTATIONS = YES;
				CLANG_WARN_DIRECT_OBJC_ISA_USAGE = YES_ERROR;
				CLANG_WARN_DOCUMENTATION_COMMENTS = YES;
				CLANG_WARN_EMPTY_BODY = YES;
				CLANG_WARN_ENUM_CONVERSION = YES;
				CLANG_WARN_INFINITE_RECURSION = YES;
				CLANG_WARN_INT_CONVERSION = YES;
				CLANG_WARN_NON_LITERAL_NULL_CONVERSION = YES;
				CLANG_WARN_OBJC_IMPLICIT_RETAIN_SELF = YES;
				CLANG_WARN_OBJC_LITERAL_CONVERSION = YES;
				CLANG_WARN_OBJC_ROOT_CLASS = YES_ERROR;
				CLANG_WARN_QUOTED_INCLUDE_IN_FRAMEWORK_HEADER = YES;
				CLANG_WARN_RANGE_LOOP_ANALYSIS = YES;
				CLANG_WARN_STRICT_PROTOTYPES = YES;
				CLANG_WARN_SUSPICIOUS_MOVE = YES;
				CLANG_WARN_UNGUARDED_AVAILABILITY = YES_AGGRESSIVE;
				CLANG_WARN_UNREACHABLE_CODE = YES;
				CLANG_WARN__DUPLICATE_METHOD_MATCH = YES;
				COPY_PHASE_STRIP = NO;
				DEBUG_INFORMATION_FORMAT = dwarf;
				ENABLE_STRICT_OBJC_MSGSEND = YES;
				ENABLE_TESTABILITY = YES;
				GCC_C_LANGUAGE_STANDARD = gnu11;
				GCC_DYNAMIC_NO_PIC = NO;
				GCC_NO_COMMON_BLOCKS = YES;
				GCC_OPTIMIZATION_LEVEL = 0;
				GCC_PREPROCESSOR_DEFINITIONS = (
					"DEBUG=1",
					"$(inherited)",
				);
				GCC_WARN_64_TO_32_BIT_CONVERSION = YES;
				GCC_WARN_ABOUT_RETURN_TYPE = YES_ERROR;
				GCC_WARN_UNDECLARED_SELECTOR = YES;
				GCC_WARN_UNINITIALIZED_AUTOS = YES_AGGRESSIVE;
				GCC_WARN_UNUSED_FUNCTION = YES;
				GCC_WARN_UNUSED_VARIABLE = YES;
				IPHONEOS_DEPLOYMENT_TARGET = 15.0;
				MTL_ENABLE_DEBUG_INFO = INCLUDE_SOURCE;
				MTL_FAST_MATH = YES;
				ONLY_ACTIVE_ARCH = YES;
				SDKROOT = iphoneos;
				SWIFT_ACTIVE_COMPILATION_CONDITIONS = DEBUG;
				SWIFT_OPTIMIZATION_LEVEL = "-Onone";
			};
			name = Debug;
		};
		186F8BB6271363650009514F /* Release */ = {
			isa = XCBuildConfiguration;
			buildSettings = {
				ALWAYS_SEARCH_USER_PATHS = NO;
				CLANG_ANALYZER_NONNULL = YES;
				CLANG_ANALYZER_NUMBER_OBJECT_CONVERSION = YES_AGGRESSIVE;
				CLANG_CXX_LANGUAGE_STANDARD = "gnu++17";
				CLANG_CXX_LIBRARY = "libc++";
				CLANG_ENABLE_MODULES = YES;
				CLANG_ENABLE_OBJC_ARC = YES;
				CLANG_ENABLE_OBJC_WEAK = YES;
				CLANG_WARN_BLOCK_CAPTURE_AUTORELEASING = YES;
				CLANG_WARN_BOOL_CONVERSION = YES;
				CLANG_WARN_COMMA = YES;
				CLANG_WARN_CONSTANT_CONVERSION = YES;
				CLANG_WARN_DEPRECATED_OBJC_IMPLEMENTATIONS = YES;
				CLANG_WARN_DIRECT_OBJC_ISA_USAGE = YES_ERROR;
				CLANG_WARN_DOCUMENTATION_COMMENTS = YES;
				CLANG_WARN_EMPTY_BODY = YES;
				CLANG_WARN_ENUM_CONVERSION = YES;
				CLANG_WARN_INFINITE_RECURSION = YES;
				CLANG_WARN_INT_CONVERSION = YES;
				CLANG_WARN_NON_LITERAL_NULL_CONVERSION = YES;
				CLANG_WARN_OBJC_IMPLICIT_RETAIN_SELF = YES;
				CLANG_WARN_OBJC_LITERAL_CONVERSION = YES;
				CLANG_WARN_OBJC_ROOT_CLASS = YES_ERROR;
				CLANG_WARN_QUOTED_INCLUDE_IN_FRAMEWORK_HEADER = YES;
				CLANG_WARN_RANGE_LOOP_ANALYSIS = YES;
				CLANG_WARN_STRICT_PROTOTYPES = YES;
				CLANG_WARN_SUSPICIOUS_MOVE = YES;
				CLANG_WARN_UNGUARDED_AVAILABILITY = YES_AGGRESSIVE;
				CLANG_WARN_UNREACHABLE_CODE = YES;
				CLANG_WARN__DUPLICATE_METHOD_MATCH = YES;
				COPY_PHASE_STRIP = NO;
				DEBUG_INFORMATION_FORMAT = "dwarf-with-dsym";
				ENABLE_NS_ASSERTIONS = NO;
				ENABLE_STRICT_OBJC_MSGSEND = YES;
				GCC_C_LANGUAGE_STANDARD = gnu11;
				GCC_NO_COMMON_BLOCKS = YES;
				GCC_WARN_64_TO_32_BIT_CONVERSION = YES;
				GCC_WARN_ABOUT_RETURN_TYPE = YES_ERROR;
				GCC_WARN_UNDECLARED_SELECTOR = YES;
				GCC_WARN_UNINITIALIZED_AUTOS = YES_AGGRESSIVE;
				GCC_WARN_UNUSED_FUNCTION = YES;
				GCC_WARN_UNUSED_VARIABLE = YES;
				IPHONEOS_DEPLOYMENT_TARGET = 15.0;
				MTL_ENABLE_DEBUG_INFO = NO;
				MTL_FAST_MATH = YES;
				SDKROOT = iphoneos;
				SWIFT_COMPILATION_MODE = wholemodule;
				SWIFT_OPTIMIZATION_LEVEL = "-O";
				VALIDATE_PRODUCT = YES;
			};
			name = Release;
		};
		186F8BB8271363650009514F /* Debug */ = {
			isa = XCBuildConfiguration;
			buildSettings = {
				ASSETCATALOG_COMPILER_APPICON_NAME = AppIcon;
				ASSETCATALOG_COMPILER_GLOBAL_ACCENT_COLOR_NAME = AccentColor;
				CODE_SIGN_STYLE = Automatic;
				CURRENT_PROJECT_VERSION = 1;
				GENERATE_INFOPLIST_FILE = YES;
				INFOPLIST_FILE = Pokedex/Info.plist;
				INFOPLIST_KEY_UIApplicationSupportsIndirectInputEvents = YES;
				INFOPLIST_KEY_UILaunchStoryboardName = LaunchScreen;
				INFOPLIST_KEY_UISupportedInterfaceOrientations_iPad = "UIInterfaceOrientationPortrait UIInterfaceOrientationPortraitUpsideDown UIInterfaceOrientationLandscapeLeft UIInterfaceOrientationLandscapeRight";
				INFOPLIST_KEY_UISupportedInterfaceOrientations_iPhone = "UIInterfaceOrientationPortrait UIInterfaceOrientationLandscapeLeft UIInterfaceOrientationLandscapeRight";
				LD_RUNPATH_SEARCH_PATHS = (
					"$(inherited)",
					"@executable_path/Frameworks",
				);
				MARKETING_VERSION = 1.0;
				PRODUCT_BUNDLE_IDENTIFIER = or.Pokedex;
				PRODUCT_NAME = "$(TARGET_NAME)";
				SWIFT_EMIT_LOC_STRINGS = YES;
				SWIFT_VERSION = 5.0;
				TARGETED_DEVICE_FAMILY = "1,2";
			};
			name = Debug;
		};
		186F8BB9271363650009514F /* Release */ = {
			isa = XCBuildConfiguration;
			buildSettings = {
				ASSETCATALOG_COMPILER_APPICON_NAME = AppIcon;
				ASSETCATALOG_COMPILER_GLOBAL_ACCENT_COLOR_NAME = AccentColor;
				CODE_SIGN_STYLE = Automatic;
				CURRENT_PROJECT_VERSION = 1;
				GENERATE_INFOPLIST_FILE = YES;
				INFOPLIST_FILE = Pokedex/Info.plist;
				INFOPLIST_KEY_UIApplicationSupportsIndirectInputEvents = YES;
				INFOPLIST_KEY_UILaunchStoryboardName = LaunchScreen;
				INFOPLIST_KEY_UISupportedInterfaceOrientations_iPad = "UIInterfaceOrientationPortrait UIInterfaceOrientationPortraitUpsideDown UIInterfaceOrientationLandscapeLeft UIInterfaceOrientationLandscapeRight";
				INFOPLIST_KEY_UISupportedInterfaceOrientations_iPhone = "UIInterfaceOrientationPortrait UIInterfaceOrientationLandscapeLeft UIInterfaceOrientationLandscapeRight";
				LD_RUNPATH_SEARCH_PATHS = (
					"$(inherited)",
					"@executable_path/Frameworks",
				);
				MARKETING_VERSION = 1.0;
				PRODUCT_BUNDLE_IDENTIFIER = or.Pokedex;
				PRODUCT_NAME = "$(TARGET_NAME)";
				SWIFT_EMIT_LOC_STRINGS = YES;
				SWIFT_VERSION = 5.0;
				TARGETED_DEVICE_FAMILY = "1,2";
			};
			name = Release;
		};
		186F8BBB271363650009514F /* Debug */ = {
			isa = XCBuildConfiguration;
			buildSettings = {
				ALWAYS_EMBED_SWIFT_STANDARD_LIBRARIES = YES;
				BUNDLE_LOADER = "$(TEST_HOST)";
				CODE_SIGN_STYLE = Automatic;
				CURRENT_PROJECT_VERSION = 1;
				GENERATE_INFOPLIST_FILE = YES;
				IPHONEOS_DEPLOYMENT_TARGET = 15.0;
				LD_RUNPATH_SEARCH_PATHS = (
					"$(inherited)",
					"@executable_path/Frameworks",
					"@loader_path/Frameworks",
				);
				MARKETING_VERSION = 1.0;
				PRODUCT_BUNDLE_IDENTIFIER = or.PokedexTests;
				PRODUCT_NAME = "$(TARGET_NAME)";
				SWIFT_EMIT_LOC_STRINGS = NO;
				SWIFT_VERSION = 5.0;
				TARGETED_DEVICE_FAMILY = "1,2";
				TEST_HOST = "$(BUILT_PRODUCTS_DIR)/Pokedex.app/Pokedex";
			};
			name = Debug;
		};
		186F8BBC271363650009514F /* Release */ = {
			isa = XCBuildConfiguration;
			buildSettings = {
				ALWAYS_EMBED_SWIFT_STANDARD_LIBRARIES = YES;
				BUNDLE_LOADER = "$(TEST_HOST)";
				CODE_SIGN_STYLE = Automatic;
				CURRENT_PROJECT_VERSION = 1;
				GENERATE_INFOPLIST_FILE = YES;
				IPHONEOS_DEPLOYMENT_TARGET = 15.0;
				LD_RUNPATH_SEARCH_PATHS = (
					"$(inherited)",
					"@executable_path/Frameworks",
					"@loader_path/Frameworks",
				);
				MARKETING_VERSION = 1.0;
				PRODUCT_BUNDLE_IDENTIFIER = or.PokedexTests;
				PRODUCT_NAME = "$(TARGET_NAME)";
				SWIFT_EMIT_LOC_STRINGS = NO;
				SWIFT_VERSION = 5.0;
				TARGETED_DEVICE_FAMILY = "1,2";
				TEST_HOST = "$(BUILT_PRODUCTS_DIR)/Pokedex.app/Pokedex";
			};
			name = Release;
		};
		186F8BBE271363650009514F /* Debug */ = {
			isa = XCBuildConfiguration;
			buildSettings = {
				ALWAYS_EMBED_SWIFT_STANDARD_LIBRARIES = YES;
				CODE_SIGN_STYLE = Automatic;
				CURRENT_PROJECT_VERSION = 1;
				GENERATE_INFOPLIST_FILE = YES;
				LD_RUNPATH_SEARCH_PATHS = (
					"$(inherited)",
					"@executable_path/Frameworks",
					"@loader_path/Frameworks",
				);
				MARKETING_VERSION = 1.0;
				PRODUCT_BUNDLE_IDENTIFIER = or.PokedexUITests;
				PRODUCT_NAME = "$(TARGET_NAME)";
				SWIFT_EMIT_LOC_STRINGS = NO;
				SWIFT_VERSION = 5.0;
				TARGETED_DEVICE_FAMILY = "1,2";
				TEST_TARGET_NAME = Pokedex;
			};
			name = Debug;
		};
		186F8BBF271363650009514F /* Release */ = {
			isa = XCBuildConfiguration;
			buildSettings = {
				ALWAYS_EMBED_SWIFT_STANDARD_LIBRARIES = YES;
				CODE_SIGN_STYLE = Automatic;
				CURRENT_PROJECT_VERSION = 1;
				GENERATE_INFOPLIST_FILE = YES;
				LD_RUNPATH_SEARCH_PATHS = (
					"$(inherited)",
					"@executable_path/Frameworks",
					"@loader_path/Frameworks",
				);
				MARKETING_VERSION = 1.0;
				PRODUCT_BUNDLE_IDENTIFIER = or.PokedexUITests;
				PRODUCT_NAME = "$(TARGET_NAME)";
				SWIFT_EMIT_LOC_STRINGS = NO;
				SWIFT_VERSION = 5.0;
				TARGETED_DEVICE_FAMILY = "1,2";
				TEST_TARGET_NAME = Pokedex;
			};
			name = Release;
		};
/* End XCBuildConfiguration section */

/* Begin XCConfigurationList section */
		186F8B88271363610009514F /* Build configuration list for PBXProject "Pokedex" */ = {
			isa = XCConfigurationList;
			buildConfigurations = (
				186F8BB5271363650009514F /* Debug */,
				186F8BB6271363650009514F /* Release */,
			);
			defaultConfigurationIsVisible = 0;
			defaultConfigurationName = Release;
		};
		186F8BB7271363650009514F /* Build configuration list for PBXNativeTarget "Pokedex" */ = {
			isa = XCConfigurationList;
			buildConfigurations = (
				186F8BB8271363650009514F /* Debug */,
				186F8BB9271363650009514F /* Release */,
			);
			defaultConfigurationIsVisible = 0;
			defaultConfigurationName = Release;
		};
		186F8BBA271363650009514F /* Build configuration list for PBXNativeTarget "PokedexTests" */ = {
			isa = XCConfigurationList;
			buildConfigurations = (
				186F8BBB271363650009514F /* Debug */,
				186F8BBC271363650009514F /* Release */,
			);
			defaultConfigurationIsVisible = 0;
			defaultConfigurationName = Release;
		};
		186F8BBD271363650009514F /* Build configuration list for PBXNativeTarget "PokedexUITests" */ = {
			isa = XCConfigurationList;
			buildConfigurations = (
				186F8BBE271363650009514F /* Debug */,
				186F8BBF271363650009514F /* Release */,
			);
			defaultConfigurationIsVisible = 0;
			defaultConfigurationName = Release;
		};
/* End XCConfigurationList section */

/* Begin XCRemoteSwiftPackageReference section */
		1846BDD92715758100F2A16C /* XCRemoteSwiftPackageReference "PokemonAPI" */ = {
			isa = XCRemoteSwiftPackageReference;
			repositoryURL = "https://github.com/kinkofer/PokemonAPI.git";
			requirement = {
				branch = master;
				kind = branch;
			};
		};
/* End XCRemoteSwiftPackageReference section */

/* Begin XCSwiftPackageProductDependency section */
		1846BDDA2715758200F2A16C /* PokemonAPI */ = {
			isa = XCSwiftPackageProductDependency;
			package = 1846BDD92715758100F2A16C /* XCRemoteSwiftPackageReference "PokemonAPI" */;
			productName = PokemonAPI;
		};
/* End XCSwiftPackageProductDependency section */
	};
	rootObject = 186F8B85271363610009514F /* Project object */;
}
